
Microsoft Visual Studio Solution File, Format Version 12.00
# Visual Studio Version 16
VisualStudioVersion = 16.0.31424.327
MinimumVisualStudioVersion = 10.0.40219.1
Project("{FAE04EC0-301F-11D3-BF4B-00C04F79EFBC}") = "Market.Shared", "Market.Shared\Market.Shared.csproj", "{F9E98171-B952-4C3A-8801-29C07CA169AD}"
EndProject
Project("{FAE04EC0-301F-11D3-BF4B-00C04F79EFBC}") = "Market.Entities", "Market.Entities\Market.Entities.csproj", "{C9B12E86-5359-45AC-96CC-B682E497CD36}"
EndProject
Project("{FAE04EC0-301F-11D3-BF4B-00C04F79EFBC}") = "Market.Data", "Market.Data\Market.Data.csproj", "{8ED90CA7-A7DC-42DE-9954-7B5967403D5A}"
EndProject
Project("{FAE04EC0-301F-11D3-BF4B-00C04F79EFBC}") = "Market.Sevices", "Market.Sevices\Market.Sevices.csproj", "{53756A05-5031-4ADF-AE9A-51E991DEB71D}"
EndProject
Project("{FAE04EC0-301F-11D3-BF4B-00C04F79EFBC}") = "Market.MVC", "Market.MVC\Market.MVC.csproj", "{F93BAA27-4813-4FC5-8A9F-EB801F5F5490}"
EndProject
Global
	GlobalSection(SolutionConfigurationPlatforms) = preSolution
		Debug|Any CPU = Debug|Any CPU
		Release|Any CPU = Release|Any CPU
	EndGlobalSection
	GlobalSection(ProjectConfigurationPlatforms) = postSolution
		{F9E98171-B952-4C3A-8801-29C07CA169AD}.Debug|Any CPU.ActiveCfg = Debug|Any CPU
		{F9E98171-B952-4C3A-8801-29C07CA169AD}.Debug|Any CPU.Build.0 = Debug|Any CPU
		{F9E98171-B952-4C3A-8801-29C07CA169AD}.Release|Any CPU.ActiveCfg = Release|Any CPU
		{F9E98171-B952-4C3A-8801-29C07CA169AD}.Release|Any CPU.Build.0 = Release|Any CPU
		{C9B12E86-5359-45AC-96CC-B682E497CD36}.Debug|Any CPU.ActiveCfg = Debug|Any CPU
		{C9B12E86-5359-45AC-96CC-B682E497CD36}.Debug|Any CPU.Build.0 = Debug|Any CPU
		{C9B12E86-5359-45AC-96CC-B682E497CD36}.Release|Any CPU.ActiveCfg = Release|Any CPU
		{C9B12E86-5359-45AC-96CC-B682E497CD36}.Release|Any CPU.Build.0 = Release|Any CPU
		{8ED90CA7-A7DC-42DE-9954-7B5967403D5A}.Debug|Any CPU.ActiveCfg = Debug|Any CPU
		{8ED90CA7-A7DC-42DE-9954-7B5967403D5A}.Debug|Any CPU.Build.0 = Debug|Any CPU
		{8ED90CA7-A7DC-42DE-9954-7B5967403D5A}.Release|Any CPU.ActiveCfg = Release|Any CPU
		{8ED90CA7-A7DC-42DE-9954-7B5967403D5A}.Release|Any CPU.Build.0 = Release|Any CPU
		{53756A05-5031-4ADF-AE9A-51E991DEB71D}.Debug|Any CPU.ActiveCfg = Debug|Any CPU
		{53756A05-5031-4ADF-AE9A-51E991DEB71D}.Debug|Any CPU.Build.0 = Debug|Any CPU
		{53756A05-5031-4ADF-AE9A-51E991DEB71D}.Release|Any CPU.ActiveCfg = Release|Any CPU
		{53756A05-5031-4ADF-AE9A-51E991DEB71D}.Release|Any CPU.Build.0 = Release|Any CPU
		{F93BAA27-4813-4FC5-8A9F-EB801F5F5490}.Debug|Any CPU.ActiveCfg = Debug|Any CPU
		{F93BAA27-4813-4FC5-8A9F-EB801F5F5490}.Debug|Any CPU.Build.0 = Debug|Any CPU
		{F93BAA27-4813-4FC5-8A9F-EB801F5F5490}.Release|Any CPU.ActiveCfg = Release|Any CPU
		{F93BAA27-4813-4FC5-8A9F-EB801F5F5490}.Release|Any CPU.Build.0 = Release|Any CPU
	EndGlobalSection
	GlobalSection(SolutionProperties) = preSolution
		HideSolutionNode = FALSE
	EndGlobalSection
	GlobalSection(ExtensibilityGlobals) = postSolution
		SolutionGuid = {956AAA4F-E468-455A-AB6B-DDFF816FC699}
	EndGlobalSection
EndGlobal
